
Microsoft Visual Studio Solution File, Format Version 11.00
# Visual Studio 2010
Project("{FAE04EC0-301F-11D3-BF4B-00C04F79EFBC}") = "ConstraintThingy", "ConstraintThingy\ConstraintThingy.csproj", "{1ABC9DB0-80D9-43A4-A1B1-CC0C74F997A3}"
EndProject
Project("{FAE04EC0-301F-11D3-BF4B-00C04F79EFBC}") = "ConstraintThingyTest", "ConstraintThingyTest\ConstraintThingyTest.csproj", "{80C3A15A-91E8-4A41-9979-2CDD3497AA28}"
EndProject
Project("{FAE04EC0-301F-11D3-BF4B-00C04F79EFBC}") = "ConstraintThingyGUI", "ConstraintThingyGUI\ConstraintThingyGUI.csproj", "{3B221AD8-592F-4DF3-871C-23968E7C6DC8}"
EndProject
Project("{FAE04EC0-301F-11D3-BF4B-00C04F79EFBC}") = "ConstraintThingyPerformanceTesting", "ConstraintThingyPerformanceTesting\ConstraintThingyPerformanceTesting.csproj", "{6B4ECFF8-3CF9-424A-9A58-596A61E5925C}"
EndProject
Project("{FAE04EC0-301F-11D3-BF4B-00C04F79EFBC}") = "CSharpUtils", "lib\csharp-utils\CSharpUtils\CSharpUtils.csproj", "{B32A52BB-656F-4985-9CB6-9DC3F995BD21}"
EndProject
Project("{FAE04EC0-301F-11D3-BF4B-00C04F79EFBC}") = "CSharpUtilsTest", "lib\csharp-utils\CSharpUtilsTest\CSharpUtilsTest.csproj", "{C7F86CA2-1AA9-45E6-B542-C2974820E390}"
EndProject
Global
	GlobalSection(TestCaseManagementSettings) = postSolution
		CategoryFile = ConstraintThingy.vsmdi
	EndGlobalSection
	GlobalSection(SolutionConfigurationPlatforms) = preSolution
		Debug|Any CPU = Debug|Any CPU
		Debug|Mixed Platforms = Debug|Mixed Platforms
		Debug|x86 = Debug|x86
		Release|Any CPU = Release|Any CPU
		Release|Mixed Platforms = Release|Mixed Platforms
		Release|x86 = Release|x86
	EndGlobalSection
	GlobalSection(ProjectConfigurationPlatforms) = postSolution
		{1ABC9DB0-80D9-43A4-A1B1-CC0C74F997A3}.Debug|Any CPU.ActiveCfg = Debug|Any CPU
		{1ABC9DB0-80D9-43A4-A1B1-CC0C74F997A3}.Debug|Any CPU.Build.0 = Debug|Any CPU
		{1ABC9DB0-80D9-43A4-A1B1-CC0C74F997A3}.Debug|Mixed Platforms.ActiveCfg = Debug|Any CPU
		{1ABC9DB0-80D9-43A4-A1B1-CC0C74F997A3}.Debug|Mixed Platforms.Build.0 = Debug|Any CPU
		{1ABC9DB0-80D9-43A4-A1B1-CC0C74F997A3}.Debug|x86.ActiveCfg = Debug|Any CPU
		{1ABC9DB0-80D9-43A4-A1B1-CC0C74F997A3}.Release|Any CPU.ActiveCfg = Release|Any CPU
		{1ABC9DB0-80D9-43A4-A1B1-CC0C74F997A3}.Release|Any CPU.Build.0 = Release|Any CPU
		{1ABC9DB0-80D9-43A4-A1B1-CC0C74F997A3}.Release|Mixed Platforms.ActiveCfg = Release|Any CPU
		{1ABC9DB0-80D9-43A4-A1B1-CC0C74F997A3}.Release|Mixed Platforms.Build.0 = Release|Any CPU
		{1ABC9DB0-80D9-43A4-A1B1-CC0C74F997A3}.Release|x86.ActiveCfg = Release|Any CPU
		{80C3A15A-91E8-4A41-9979-2CDD3497AA28}.Debug|Any CPU.ActiveCfg = Debug|Any CPU
		{80C3A15A-91E8-4A41-9979-2CDD3497AA28}.Debug|Any CPU.Build.0 = Debug|Any CPU
		{80C3A15A-91E8-4A41-9979-2CDD3497AA28}.Debug|Mixed Platforms.ActiveCfg = Debug|Any CPU
		{80C3A15A-91E8-4A41-9979-2CDD3497AA28}.Debug|Mixed Platforms.Build.0 = Debug|Any CPU
		{80C3A15A-91E8-4A41-9979-2CDD3497AA28}.Debug|x86.ActiveCfg = Debug|Any CPU
		{80C3A15A-91E8-4A41-9979-2CDD3497AA28}.Release|Any CPU.ActiveCfg = Release|Any CPU
		{80C3A15A-91E8-4A41-9979-2CDD3497AA28}.Release|Any CPU.Build.0 = Release|Any CPU
		{80C3A15A-91E8-4A41-9979-2CDD3497AA28}.Release|Mixed Platforms.ActiveCfg = Release|Any CPU
		{80C3A15A-91E8-4A41-9979-2CDD3497AA28}.Release|Mixed Platforms.Build.0 = Release|Any CPU
		{80C3A15A-91E8-4A41-9979-2CDD3497AA28}.Release|x86.ActiveCfg = Release|Any CPU
		{3B221AD8-592F-4DF3-871C-23968E7C6DC8}.Debug|Any CPU.ActiveCfg = Debug|x86
		{3B221AD8-592F-4DF3-871C-23968E7C6DC8}.Debug|Mixed Platforms.ActiveCfg = Debug|x86
		{3B221AD8-592F-4DF3-871C-23968E7C6DC8}.Debug|Mixed Platforms.Build.0 = Debug|x86
		{3B221AD8-592F-4DF3-871C-23968E7C6DC8}.Debug|x86.ActiveCfg = Debug|x86
		{3B221AD8-592F-4DF3-871C-23968E7C6DC8}.Debug|x86.Build.0 = Debug|x86
		{3B221AD8-592F-4DF3-871C-23968E7C6DC8}.Release|Any CPU.ActiveCfg = Release|x86
		{3B221AD8-592F-4DF3-871C-23968E7C6DC8}.Release|Mixed Platforms.ActiveCfg = Release|x86
		{3B221AD8-592F-4DF3-871C-23968E7C6DC8}.Release|Mixed Platforms.Build.0 = Release|x86
		{3B221AD8-592F-4DF3-871C-23968E7C6DC8}.Release|x86.ActiveCfg = Release|x86
		{3B221AD8-592F-4DF3-871C-23968E7C6DC8}.Release|x86.Build.0 = Release|x86
		{6B4ECFF8-3CF9-424A-9A58-596A61E5925C}.Debug|Any CPU.ActiveCfg = Debug|x86
		{6B4ECFF8-3CF9-424A-9A58-596A61E5925C}.Debug|Mixed Platforms.ActiveCfg = Debug|x86
		{6B4ECFF8-3CF9-424A-9A58-596A61E5925C}.Debug|Mixed Platforms.Build.0 = Debug|x86
		{6B4ECFF8-3CF9-424A-9A58-596A61E5925C}.Debug|x86.ActiveCfg = Debug|x86
		{6B4ECFF8-3CF9-424A-9A58-596A61E5925C}.Debug|x86.Build.0 = Debug|x86
		{6B4ECFF8-3CF9-424A-9A58-596A61E5925C}.Release|Any CPU.ActiveCfg = Release|x86
		{6B4ECFF8-3CF9-424A-9A58-596A61E5925C}.Release|Mixed Platforms.ActiveCfg = Release|x86
		{6B4ECFF8-3CF9-424A-9A58-596A61E5925C}.Release|Mixed Platforms.Build.0 = Release|x86
		{6B4ECFF8-3CF9-424A-9A58-596A61E5925C}.Release|x86.ActiveCfg = Release|x86
		{6B4ECFF8-3CF9-424A-9A58-596A61E5925C}.Release|x86.Build.0 = Release|x86
		{B32A52BB-656F-4985-9CB6-9DC3F995BD21}.Debug|Any CPU.ActiveCfg = Debug|Any CPU
		{B32A52BB-656F-4985-9CB6-9DC3F995BD21}.Debug|Any CPU.Build.0 = Debug|Any CPU
		{B32A52BB-656F-4985-9CB6-9DC3F995BD21}.Debug|Mixed Platforms.ActiveCfg = Debug|Any CPU
		{B32A52BB-656F-4985-9CB6-9DC3F995BD21}.Debug|Mixed Platforms.Build.0 = Debug|Any CPU
		{B32A52BB-656F-4985-9CB6-9DC3F995BD21}.Debug|x86.ActiveCfg = Debug|Any CPU
		{B32A52BB-656F-4985-9CB6-9DC3F995BD21}.Release|Any CPU.ActiveCfg = Release|Any CPU
		{B32A52BB-656F-4985-9CB6-9DC3F995BD21}.Release|Any CPU.Build.0 = Release|Any CPU
		{B32A52BB-656F-4985-9CB6-9DC3F995BD21}.Release|Mixed Platforms.ActiveCfg = Release|Any CPU
		{B32A52BB-656F-4985-9CB6-9DC3F995BD21}.Release|Mixed Platforms.Build.0 = Release|Any CPU
		{B32A52BB-656F-4985-9CB6-9DC3F995BD21}.Release|x86.ActiveCfg = Release|Any CPU
		{C7F86CA2-1AA9-45E6-B542-C2974820E390}.Debug|Any CPU.ActiveCfg = Debug|Any CPU
		{C7F86CA2-1AA9-45E6-B542-C2974820E390}.Debug|Any CPU.Build.0 = Debug|Any CPU
		{C7F86CA2-1AA9-45E6-B542-C2974820E390}.Debug|Mixed Platforms.ActiveCfg = Debug|Any CPU
		{C7F86CA2-1AA9-45E6-B542-C2974820E390}.Debug|Mixed Platforms.Build.0 = Debug|Any CPU
		{C7F86CA2-1AA9-45E6-B542-C2974820E390}.Debug|x86.ActiveCfg = Debug|Any CPU
		{C7F86CA2-1AA9-45E6-B542-C2974820E390}.Release|Any CPU.ActiveCfg = Release|Any CPU
		{C7F86CA2-1AA9-45E6-B542-C2974820E390}.Release|Any CPU.Build.0 = Release|Any CPU
		{C7F86CA2-1AA9-45E6-B542-C2974820E390}.Release|Mixed Platforms.ActiveCfg = Release|Any CPU
		{C7F86CA2-1AA9-45E6-B542-C2974820E390}.Release|Mixed Platforms.Build.0 = Release|Any CPU
		{C7F86CA2-1AA9-45E6-B542-C2974820E390}.Release|x86.ActiveCfg = Release|Any CPU
	EndGlobalSection
	GlobalSection(SolutionProperties) = preSolution
		HideSolutionNode = FALSE
	EndGlobalSection
EndGlobal
